
Microsoft Visual Studio Solution File, Format Version 12.00
# Visual Studio 14
VisualStudioVersion = 14.0.23107.0
MinimumVisualStudioVersion = 10.0.40219.1
Project("{2150E333-8FDC-42A3-9474-1A3956D46DE8}") = "src", "src", "{6AD4BC4F-CA12-4EE0-A6D5-BBE4B9CC56EC}"
	ProjectSection(SolutionItems) = preProject
		src\readme.md = src\readme.md
	EndProjectSection
EndProject
Project("{2150E333-8FDC-42A3-9474-1A3956D46DE8}") = "Solution Items", "Solution Items", "{618A5846-961D-4DBE-8850-678F01CB61D1}"
	ProjectSection(SolutionItems) = preProject
		global.json = global.json
	EndProjectSection
EndProject
Project("{2150E333-8FDC-42A3-9474-1A3956D46DE8}") = "sample", "sample", "{765C6BCD-09AD-47F2-8001-598EBD7C9948}"
EndProject
Project("{8BB2217D-0F2D-49D1-97BC-3654ED321F3B}") = "Glimpse.Web.Common", "src\Glimpse.Web.Common\Glimpse.Web.Common.xproj", "{FBB2B201-FD6A-4518-AF46-DAA1B0D63C0C}"
EndProject
Project("{8BB2217D-0F2D-49D1-97BC-3654ED321F3B}") = "Glimpse.Agent.Web", "src\Glimpse.Agent.Web\Glimpse.Agent.Web.xproj", "{06F2EF61-61D8-40C9-8BEE-EBF64352DE6F}"
EndProject
Project("{8BB2217D-0F2D-49D1-97BC-3654ED321F3B}") = "Glimpse.Common", "src\Glimpse.Common\Glimpse.Common.xproj", "{C0FB7983-E851-4567-8540-153F9B7EC42D}"
EndProject
Project("{8BB2217D-0F2D-49D1-97BC-3654ED321F3B}") = "Glimpse.Server.Web", "src\Glimpse.Server.Web\Glimpse.Server.Web.xproj", "{C6EFFA30-9D16-412C-8FD7-C87B909E030E}"
EndProject
Project("{8BB2217D-0F2D-49D1-97BC-3654ED321F3B}") = "Glimpse.AgentServer.AspNet.Sample", "src\Glimpse.AgentServer.AspNet.Sample\Glimpse.AgentServer.AspNet.Sample.xproj", "{6AADF4A7-990A-463F-A137-D957EC3230D5}"
EndProject
Project("{8BB2217D-0F2D-49D1-97BC-3654ED321F3B}") = "Glimpse.Agent.AspNet.Sample", "src\Glimpse.Agent.AspNet.Sample\Glimpse.Agent.AspNet.Sample.xproj", "{3178090F-78DC-49D6-BFC6-C8DF38F5D671}"
EndProject
Project("{8BB2217D-0F2D-49D1-97BC-3654ED321F3B}") = "Glimpse.Server.AspNet.Sample", "src\Glimpse.Server.AspNet.Sample\Glimpse.Server.AspNet.Sample.xproj", "{24B423F4-4E7F-4DBA-B998-3F5CB510CAFE}"
EndProject
Project("{8BB2217D-0F2D-49D1-97BC-3654ED321F3B}") = "Glimpse.Agent.Device", "src\Glimpse.Agent.Device\Glimpse.Agent.Device.xproj", "{2B9E66C2-CB44-4CB9-937F-4C167F1352DD}"
EndProject
Project("{8BB2217D-0F2D-49D1-97BC-3654ED321F3B}") = "Glimpse.Agent.Common", "src\Glimpse.Agent.Common\Glimpse.Agent.Common.xproj", "{E8596850-7AD0-4433-A2FB-29761AA74EC5}"
EndProject
Project("{8BB2217D-0F2D-49D1-97BC-3654ED321F3B}") = "Glimpse.Client.Web", "src\Glimpse.Client.Web\Glimpse.Client.Web.xproj", "{0ABE752B-1074-4A17-B97A-EA8AC800736D}"
EndProject
Project("{8BB2217D-0F2D-49D1-97BC-3654ED321F3B}") = "Glimpse.Agent.Browser", "src\Glimpse.Agent.Browser\Glimpse.Agent.Browser.xproj", "{1DCB0304-343B-4234-B793-E24C639A0B83}"
EndProject
Project("{8BB2217D-0F2D-49D1-97BC-3654ED321F3B}") = "Glimpse.Storage.DocumentDb", "src\Glimpse.Storage.DocumentDb\Glimpse.Storage.DocumentDb.xproj", "{A7E671CC-B67D-4F47-B6B7-34282D22C5C2}"
EndProject
Project("{8BB2217D-0F2D-49D1-97BC-3654ED321F3B}") = "Glimpse.Server.Common", "src\Glimpse.Server.Common\Glimpse.Server.Common.xproj", "{E9743C4E-CDB8-4D90-B0AC-5E04F578582F}"
EndProject
Project("{8BB2217D-0F2D-49D1-97BC-3654ED321F3B}") = "Glimpse.AgentServer.Mvc.Sample", "src\Glimpse.AgentServer.Mvc.Sample\Glimpse.AgentServer.Mvc.Sample.xproj", "{500237D3-6999-4800-B4DF-07FF8ADA9054}"
EndProject
Project("{8BB2217D-0F2D-49D1-97BC-3654ED321F3B}") = "Glimpse.Agent.AspNet.Mvc", "src\Glimpse.Agent.AspNet.Mvc\Glimpse.Agent.AspNet.Mvc.xproj", "{F6F1FE30-78DC-4627-B9D7-EF9426E41892}"
EndProject
Project("{8BB2217D-0F2D-49D1-97BC-3654ED321F3B}") = "Glimpse.Client.Web.Simple", "src\Glimpse.Client.Web.Simple\Glimpse.Client.Web.Simple.xproj", "{0ABE752B-1074-4A17-B97A-EA8AC800736A}"
EndProject
Project("{8BB2217D-0F2D-49D1-97BC-3654ED321F3B}") = "Glimpse.Server.Channel.Agent.Http", "src\Glimpse.Server.Channel.Agent.Http\Glimpse.Server.Channel.Agent.Http.xproj", "{2007FF32-5F95-493C-9A5F-CD814F5FF3D5}"
EndProject
Project("{8BB2217D-0F2D-49D1-97BC-3654ED321F3B}") = "Glimpse.Server.Channel.Client.Http", "src\Glimpse.Server.Channel.Client.Http\Glimpse.Server.Channel.Client.Http.xproj", "{B1C9BC0A-820B-40FC-A321-5AA3A1ABFB77}"
EndProject
Project("{8BB2217D-0F2D-49D1-97BC-3654ED321F3B}") = "Glimpse.Agent.Channel.Server.Http", "src\Glimpse.Agent.Channel.Server.Http\Glimpse.Agent.Channel.Server.Http.xproj", "{D3212C0C-B545-4E0F-AF1D-DFFE3A8EE326}"
EndProject
Global
	GlobalSection(SolutionConfigurationPlatforms) = preSolution
		Debug|Any CPU = Debug|Any CPU
		Release|Any CPU = Release|Any CPU
	EndGlobalSection
	GlobalSection(ProjectConfigurationPlatforms) = postSolution
		{FBB2B201-FD6A-4518-AF46-DAA1B0D63C0C}.Debug|Any CPU.ActiveCfg = Debug|Any CPU
		{FBB2B201-FD6A-4518-AF46-DAA1B0D63C0C}.Debug|Any CPU.Build.0 = Debug|Any CPU
		{FBB2B201-FD6A-4518-AF46-DAA1B0D63C0C}.Release|Any CPU.ActiveCfg = Release|Any CPU
		{FBB2B201-FD6A-4518-AF46-DAA1B0D63C0C}.Release|Any CPU.Build.0 = Release|Any CPU
		{06F2EF61-61D8-40C9-8BEE-EBF64352DE6F}.Debug|Any CPU.ActiveCfg = Debug|Any CPU
		{06F2EF61-61D8-40C9-8BEE-EBF64352DE6F}.Debug|Any CPU.Build.0 = Debug|Any CPU
		{06F2EF61-61D8-40C9-8BEE-EBF64352DE6F}.Release|Any CPU.ActiveCfg = Release|Any CPU
		{06F2EF61-61D8-40C9-8BEE-EBF64352DE6F}.Release|Any CPU.Build.0 = Release|Any CPU
		{C0FB7983-E851-4567-8540-153F9B7EC42D}.Debug|Any CPU.ActiveCfg = Debug|Any CPU
		{C0FB7983-E851-4567-8540-153F9B7EC42D}.Debug|Any CPU.Build.0 = Debug|Any CPU
		{C0FB7983-E851-4567-8540-153F9B7EC42D}.Release|Any CPU.ActiveCfg = Release|Any CPU
		{C0FB7983-E851-4567-8540-153F9B7EC42D}.Release|Any CPU.Build.0 = Release|Any CPU
		{C6EFFA30-9D16-412C-8FD7-C87B909E030E}.Debug|Any CPU.ActiveCfg = Debug|Any CPU
		{C6EFFA30-9D16-412C-8FD7-C87B909E030E}.Debug|Any CPU.Build.0 = Debug|Any CPU
		{C6EFFA30-9D16-412C-8FD7-C87B909E030E}.Release|Any CPU.ActiveCfg = Release|Any CPU
		{C6EFFA30-9D16-412C-8FD7-C87B909E030E}.Release|Any CPU.Build.0 = Release|Any CPU
		{6AADF4A7-990A-463F-A137-D957EC3230D5}.Debug|Any CPU.ActiveCfg = Debug|Any CPU
		{6AADF4A7-990A-463F-A137-D957EC3230D5}.Debug|Any CPU.Build.0 = Debug|Any CPU
		{6AADF4A7-990A-463F-A137-D957EC3230D5}.Release|Any CPU.ActiveCfg = Release|Any CPU
		{6AADF4A7-990A-463F-A137-D957EC3230D5}.Release|Any CPU.Build.0 = Release|Any CPU
		{3178090F-78DC-49D6-BFC6-C8DF38F5D671}.Debug|Any CPU.ActiveCfg = Debug|Any CPU
		{3178090F-78DC-49D6-BFC6-C8DF38F5D671}.Debug|Any CPU.Build.0 = Debug|Any CPU
		{3178090F-78DC-49D6-BFC6-C8DF38F5D671}.Release|Any CPU.ActiveCfg = Release|Any CPU
		{3178090F-78DC-49D6-BFC6-C8DF38F5D671}.Release|Any CPU.Build.0 = Release|Any CPU
		{24B423F4-4E7F-4DBA-B998-3F5CB510CAFE}.Debug|Any CPU.ActiveCfg = Debug|Any CPU
		{24B423F4-4E7F-4DBA-B998-3F5CB510CAFE}.Debug|Any CPU.Build.0 = Debug|Any CPU
		{24B423F4-4E7F-4DBA-B998-3F5CB510CAFE}.Release|Any CPU.ActiveCfg = Release|Any CPU
		{24B423F4-4E7F-4DBA-B998-3F5CB510CAFE}.Release|Any CPU.Build.0 = Release|Any CPU
		{2B9E66C2-CB44-4CB9-937F-4C167F1352DD}.Debug|Any CPU.ActiveCfg = Debug|Any CPU
		{2B9E66C2-CB44-4CB9-937F-4C167F1352DD}.Debug|Any CPU.Build.0 = Debug|Any CPU
		{2B9E66C2-CB44-4CB9-937F-4C167F1352DD}.Release|Any CPU.ActiveCfg = Release|Any CPU
		{2B9E66C2-CB44-4CB9-937F-4C167F1352DD}.Release|Any CPU.Build.0 = Release|Any CPU
		{E8596850-7AD0-4433-A2FB-29761AA74EC5}.Debug|Any CPU.ActiveCfg = Debug|Any CPU
		{E8596850-7AD0-4433-A2FB-29761AA74EC5}.Debug|Any CPU.Build.0 = Debug|Any CPU
		{E8596850-7AD0-4433-A2FB-29761AA74EC5}.Release|Any CPU.ActiveCfg = Release|Any CPU
		{E8596850-7AD0-4433-A2FB-29761AA74EC5}.Release|Any CPU.Build.0 = Release|Any CPU
		{0ABE752B-1074-4A17-B97A-EA8AC800736D}.Debug|Any CPU.ActiveCfg = Debug|Any CPU
		{0ABE752B-1074-4A17-B97A-EA8AC800736D}.Debug|Any CPU.Build.0 = Debug|Any CPU
		{0ABE752B-1074-4A17-B97A-EA8AC800736D}.Release|Any CPU.ActiveCfg = Release|Any CPU
		{0ABE752B-1074-4A17-B97A-EA8AC800736D}.Release|Any CPU.Build.0 = Release|Any CPU
		{1DCB0304-343B-4234-B793-E24C639A0B83}.Debug|Any CPU.ActiveCfg = Debug|Any CPU
		{1DCB0304-343B-4234-B793-E24C639A0B83}.Debug|Any CPU.Build.0 = Debug|Any CPU
		{1DCB0304-343B-4234-B793-E24C639A0B83}.Release|Any CPU.ActiveCfg = Release|Any CPU
		{1DCB0304-343B-4234-B793-E24C639A0B83}.Release|Any CPU.Build.0 = Release|Any CPU
		{A7E671CC-B67D-4F47-B6B7-34282D22C5C2}.Debug|Any CPU.ActiveCfg = Debug|Any CPU
		{A7E671CC-B67D-4F47-B6B7-34282D22C5C2}.Debug|Any CPU.Build.0 = Debug|Any CPU
		{A7E671CC-B67D-4F47-B6B7-34282D22C5C2}.Release|Any CPU.ActiveCfg = Release|Any CPU
		{A7E671CC-B67D-4F47-B6B7-34282D22C5C2}.Release|Any CPU.Build.0 = Release|Any CPU
		{E9743C4E-CDB8-4D90-B0AC-5E04F578582F}.Debug|Any CPU.ActiveCfg = Debug|Any CPU
		{E9743C4E-CDB8-4D90-B0AC-5E04F578582F}.Debug|Any CPU.Build.0 = Debug|Any CPU
		{E9743C4E-CDB8-4D90-B0AC-5E04F578582F}.Release|Any CPU.ActiveCfg = Release|Any CPU
		{E9743C4E-CDB8-4D90-B0AC-5E04F578582F}.Release|Any CPU.Build.0 = Release|Any CPU
		{500237D3-6999-4800-B4DF-07FF8ADA9054}.Debug|Any CPU.ActiveCfg = Debug|Any CPU
		{500237D3-6999-4800-B4DF-07FF8ADA9054}.Debug|Any CPU.Build.0 = Debug|Any CPU
		{500237D3-6999-4800-B4DF-07FF8ADA9054}.Release|Any CPU.ActiveCfg = Release|Any CPU
		{500237D3-6999-4800-B4DF-07FF8ADA9054}.Release|Any CPU.Build.0 = Release|Any CPU
		{F6F1FE30-78DC-4627-B9D7-EF9426E41892}.Debug|Any CPU.ActiveCfg = Debug|Any CPU
		{F6F1FE30-78DC-4627-B9D7-EF9426E41892}.Debug|Any CPU.Build.0 = Debug|Any CPU
		{F6F1FE30-78DC-4627-B9D7-EF9426E41892}.Release|Any CPU.ActiveCfg = Release|Any CPU
		{F6F1FE30-78DC-4627-B9D7-EF9426E41892}.Release|Any CPU.Build.0 = Release|Any CPU
		{0ABE752B-1074-4A17-B97A-EA8AC800736A}.Debug|Any CPU.ActiveCfg = Debug|Any CPU
		{0ABE752B-1074-4A17-B97A-EA8AC800736A}.Debug|Any CPU.Build.0 = Debug|Any CPU
		{0ABE752B-1074-4A17-B97A-EA8AC800736A}.Release|Any CPU.ActiveCfg = Release|Any CPU
		{0ABE752B-1074-4A17-B97A-EA8AC800736A}.Release|Any CPU.Build.0 = Release|Any CPU
		{2007FF32-5F95-493C-9A5F-CD814F5FF3D5}.Debug|Any CPU.ActiveCfg = Debug|Any CPU
		{2007FF32-5F95-493C-9A5F-CD814F5FF3D5}.Debug|Any CPU.Build.0 = Debug|Any CPU
		{2007FF32-5F95-493C-9A5F-CD814F5FF3D5}.Release|Any CPU.ActiveCfg = Release|Any CPU
		{2007FF32-5F95-493C-9A5F-CD814F5FF3D5}.Release|Any CPU.Build.0 = Release|Any CPU
		{B1C9BC0A-820B-40FC-A321-5AA3A1ABFB77}.Debug|Any CPU.ActiveCfg = Debug|Any CPU
		{B1C9BC0A-820B-40FC-A321-5AA3A1ABFB77}.Debug|Any CPU.Build.0 = Debug|Any CPU
		{B1C9BC0A-820B-40FC-A321-5AA3A1ABFB77}.Release|Any CPU.ActiveCfg = Release|Any CPU
		{B1C9BC0A-820B-40FC-A321-5AA3A1ABFB77}.Release|Any CPU.Build.0 = Release|Any CPU
		{D3212C0C-B545-4E0F-AF1D-DFFE3A8EE326}.Debug|Any CPU.ActiveCfg = Debug|Any CPU
		{D3212C0C-B545-4E0F-AF1D-DFFE3A8EE326}.Debug|Any CPU.Build.0 = Debug|Any CPU
		{D3212C0C-B545-4E0F-AF1D-DFFE3A8EE326}.Release|Any CPU.ActiveCfg = Release|Any CPU
		{D3212C0C-B545-4E0F-AF1D-DFFE3A8EE326}.Release|Any CPU.Build.0 = Release|Any CPU
	EndGlobalSection
	GlobalSection(SolutionProperties) = preSolution
		HideSolutionNode = FALSE
	EndGlobalSection
	GlobalSection(NestedProjects) = preSolution
		{765C6BCD-09AD-47F2-8001-598EBD7C9948} = {6AD4BC4F-CA12-4EE0-A6D5-BBE4B9CC56EC}
		{FBB2B201-FD6A-4518-AF46-DAA1B0D63C0C} = {6AD4BC4F-CA12-4EE0-A6D5-BBE4B9CC56EC}
		{06F2EF61-61D8-40C9-8BEE-EBF64352DE6F} = {6AD4BC4F-CA12-4EE0-A6D5-BBE4B9CC56EC}
		{C0FB7983-E851-4567-8540-153F9B7EC42D} = {6AD4BC4F-CA12-4EE0-A6D5-BBE4B9CC56EC}
		{C6EFFA30-9D16-412C-8FD7-C87B909E030E} = {6AD4BC4F-CA12-4EE0-A6D5-BBE4B9CC56EC}
		{6AADF4A7-990A-463F-A137-D957EC3230D5} = {765C6BCD-09AD-47F2-8001-598EBD7C9948}
		{3178090F-78DC-49D6-BFC6-C8DF38F5D671} = {765C6BCD-09AD-47F2-8001-598EBD7C9948}
		{24B423F4-4E7F-4DBA-B998-3F5CB510CAFE} = {765C6BCD-09AD-47F2-8001-598EBD7C9948}
		{2B9E66C2-CB44-4CB9-937F-4C167F1352DD} = {6AD4BC4F-CA12-4EE0-A6D5-BBE4B9CC56EC}
		{E8596850-7AD0-4433-A2FB-29761AA74EC5} = {6AD4BC4F-CA12-4EE0-A6D5-BBE4B9CC56EC}
		{0ABE752B-1074-4A17-B97A-EA8AC800736D} = {6AD4BC4F-CA12-4EE0-A6D5-BBE4B9CC56EC}
		{1DCB0304-343B-4234-B793-E24C639A0B83} = {6AD4BC4F-CA12-4EE0-A6D5-BBE4B9CC56EC}
		{A7E671CC-B67D-4F47-B6B7-34282D22C5C2} = {6AD4BC4F-CA12-4EE0-A6D5-BBE4B9CC56EC}
		{E9743C4E-CDB8-4D90-B0AC-5E04F578582F} = {6AD4BC4F-CA12-4EE0-A6D5-BBE4B9CC56EC}
		{500237D3-6999-4800-B4DF-07FF8ADA9054} = {765C6BCD-09AD-47F2-8001-598EBD7C9948}
		{F6F1FE30-78DC-4627-B9D7-EF9426E41892} = {6AD4BC4F-CA12-4EE0-A6D5-BBE4B9CC56EC}
		{0ABE752B-1074-4A17-B97A-EA8AC800736A} = {6AD4BC4F-CA12-4EE0-A6D5-BBE4B9CC56EC}
		{2007FF32-5F95-493C-9A5F-CD814F5FF3D5} = {6AD4BC4F-CA12-4EE0-A6D5-BBE4B9CC56EC}
		{B1C9BC0A-820B-40FC-A321-5AA3A1ABFB77} = {6AD4BC4F-CA12-4EE0-A6D5-BBE4B9CC56EC}
		{D3212C0C-B545-4E0F-AF1D-DFFE3A8EE326} = {6AD4BC4F-CA12-4EE0-A6D5-BBE4B9CC56EC}
	EndGlobalSection
EndGlobal
