
Microsoft Visual Studio Solution File, Format Version 12.00
# Visual Studio 15
VisualStudioVersion = 15.0.26730.10
MinimumVisualStudioVersion = 10.0.40219.1
Project("{2150E333-8FDC-42A3-9474-1A3956D46DE8}") = "src", "src", "{6AD4BC4F-CA12-4EE0-A6D5-BBE4B9CC56EC}"
	ProjectSection(SolutionItems) = preProject
		src\readme.md = src\readme.md
	EndProjectSection
EndProject
Project("{2150E333-8FDC-42A3-9474-1A3956D46DE8}") = "Solution Items", "Solution Items", "{618A5846-961D-4DBE-8850-678F01CB61D1}"
	ProjectSection(SolutionItems) = preProject
		NuGet.Config = NuGet.Config
	EndProjectSection
EndProject
Project("{2150E333-8FDC-42A3-9474-1A3956D46DE8}") = "test", "test", "{214245A9-D0ED-479C-B514-B482510C5F73}"
EndProject
Project("{2150E333-8FDC-42A3-9474-1A3956D46DE8}") = "websites", "websites", "{C316A868-C367-4263-A1C2-5A9E91BCF770}"
EndProject
Project("{2150E333-8FDC-42A3-9474-1A3956D46DE8}") = "sample", "sample", "{4F6B131C-CBEE-44D2-891A-FD88998A3331}"
EndProject
Project("{9A19103F-16F7-4668-BE54-9A1E7A4F7556}") = "Glimpse.Common", "src\Glimpse.Common\Glimpse.Common.csproj", "{DD4BF653-2388-464D-A8E8-3FCA4B52C455}"
EndProject
Project("{9A19103F-16F7-4668-BE54-9A1E7A4F7556}") = "Glimpse.Server", "src\Glimpse.Server\Glimpse.Server.csproj", "{A74FEDE1-4271-409C-B2D3-283737F11662}"
EndProject
Project("{9A19103F-16F7-4668-BE54-9A1E7A4F7556}") = "Glimpse.Agent.AspNet", "src\Glimpse.Agent.AspNet\Glimpse.Agent.AspNet.csproj", "{5D988584-DEBD-49D3-9AD4-95545529B313}"
EndProject
Project("{9A19103F-16F7-4668-BE54-9A1E7A4F7556}") = "Glimpse.Agent.AspNet.Mvc", "src\Glimpse.Agent.AspNet.Mvc\Glimpse.Agent.AspNet.Mvc.csproj", "{CE0B4F2B-3177-4F9E-901A-8CD16E548371}"
EndProject
Project("{9A19103F-16F7-4668-BE54-9A1E7A4F7556}") = "Glimpse.Agent.AspNet.Sample", "sample\Glimpse.Agent.AspNet.Sample\Glimpse.Agent.AspNet.Sample.csproj", "{6CE73129-30C8-4EF2-B412-4F7506010416}"
EndProject
Project("{9A19103F-16F7-4668-BE54-9A1E7A4F7556}") = "Glimpse.Server.AspNet.Sample", "sample\Glimpse.Server.AspNet.Sample\Glimpse.Server.AspNet.Sample.csproj", "{B8804A87-F6A5-492B-97EF-F7BF84D527EC}"
EndProject
Project("{9A19103F-16F7-4668-BE54-9A1E7A4F7556}") = "Glimpse.AgentServer.AspNet.Sample", "sample\Glimpse.AgentServer.AspNet.Sample\Glimpse.AgentServer.AspNet.Sample.csproj", "{5F871434-72A9-41CC-B3CC-E213DEAE3927}"
EndProject
Project("{9A19103F-16F7-4668-BE54-9A1E7A4F7556}") = "Glimpse.AgentServer.AspNet.Mvc.Sample", "sample\Glimpse.AgentServer.AspNet.Mvc.Sample\Glimpse.AgentServer.AspNet.Mvc.Sample.csproj", "{4836AEEE-3189-40A3-9EE3-C917FBD6C746}"
EndProject
Project("{9A19103F-16F7-4668-BE54-9A1E7A4F7556}") = "Glimpse.AgentServer.AspNet.Mvc.Simple.Sample", "sample\Glimpse.AgentServer.AspNet.Mvc.Simple.Sample\Glimpse.AgentServer.AspNet.Mvc.Simple.Sample.csproj", "{65FCF640-C83F-4414-851E-CD5A10BCFC17}"
EndProject
Project("{9A19103F-16F7-4668-BE54-9A1E7A4F7556}") = "MusicStore", "sample\MusicStore\MusicStore.csproj", "{81216DFD-3A01-4351-BF03-4FDC59B72762}"
EndProject
Project("{9A19103F-16F7-4668-BE54-9A1E7A4F7556}") = "Glimpse.FunctionalTest.Website", "test\websites\Glimpse.FunctionalTest.Website\Glimpse.FunctionalTest.Website.csproj", "{0AD53640-DDAC-4F27-B236-B732B72C0CA0}"
EndProject
Project("{9A19103F-16F7-4668-BE54-9A1E7A4F7556}") = "Glimpse.FunctionalTest", "test\Glimpse.FunctionalTest\Glimpse.FunctionalTest.csproj", "{0E1D8B8D-A560-47CF-8CE7-DC7FEA6226D1}"
EndProject
Project("{9A19103F-16F7-4668-BE54-9A1E7A4F7556}") = "Glimpse.Prototype.UnitTest", "test\Glimpse.Prototype.UnitTest\Glimpse.Prototype.UnitTest.csproj", "{E617C9BC-502D-41E3-9F0C-20487EEBA148}"
EndProject
Global
	GlobalSection(SolutionConfigurationPlatforms) = preSolution
		Debug|Any CPU = Debug|Any CPU
		Debug|x64 = Debug|x64
		Debug|x86 = Debug|x86
		Release|Any CPU = Release|Any CPU
		Release|x64 = Release|x64
		Release|x86 = Release|x86
	EndGlobalSection
	GlobalSection(ProjectConfigurationPlatforms) = postSolution
		{DD4BF653-2388-464D-A8E8-3FCA4B52C455}.Debug|Any CPU.ActiveCfg = Debug|Any CPU
		{DD4BF653-2388-464D-A8E8-3FCA4B52C455}.Debug|Any CPU.Build.0 = Debug|Any CPU
		{DD4BF653-2388-464D-A8E8-3FCA4B52C455}.Debug|x64.ActiveCfg = Debug|Any CPU
		{DD4BF653-2388-464D-A8E8-3FCA4B52C455}.Debug|x64.Build.0 = Debug|Any CPU
		{DD4BF653-2388-464D-A8E8-3FCA4B52C455}.Debug|x86.ActiveCfg = Debug|Any CPU
		{DD4BF653-2388-464D-A8E8-3FCA4B52C455}.Debug|x86.Build.0 = Debug|Any CPU
		{DD4BF653-2388-464D-A8E8-3FCA4B52C455}.Release|Any CPU.ActiveCfg = Release|Any CPU
		{DD4BF653-2388-464D-A8E8-3FCA4B52C455}.Release|Any CPU.Build.0 = Release|Any CPU
		{DD4BF653-2388-464D-A8E8-3FCA4B52C455}.Release|x64.ActiveCfg = Release|Any CPU
		{DD4BF653-2388-464D-A8E8-3FCA4B52C455}.Release|x64.Build.0 = Release|Any CPU
		{DD4BF653-2388-464D-A8E8-3FCA4B52C455}.Release|x86.ActiveCfg = Release|Any CPU
		{DD4BF653-2388-464D-A8E8-3FCA4B52C455}.Release|x86.Build.0 = Release|Any CPU
		{A74FEDE1-4271-409C-B2D3-283737F11662}.Debug|Any CPU.ActiveCfg = Debug|Any CPU
		{A74FEDE1-4271-409C-B2D3-283737F11662}.Debug|Any CPU.Build.0 = Debug|Any CPU
		{A74FEDE1-4271-409C-B2D3-283737F11662}.Debug|x64.ActiveCfg = Debug|Any CPU
		{A74FEDE1-4271-409C-B2D3-283737F11662}.Debug|x64.Build.0 = Debug|Any CPU
		{A74FEDE1-4271-409C-B2D3-283737F11662}.Debug|x86.ActiveCfg = Debug|Any CPU
		{A74FEDE1-4271-409C-B2D3-283737F11662}.Debug|x86.Build.0 = Debug|Any CPU
		{A74FEDE1-4271-409C-B2D3-283737F11662}.Release|Any CPU.ActiveCfg = Release|Any CPU
		{A74FEDE1-4271-409C-B2D3-283737F11662}.Release|Any CPU.Build.0 = Release|Any CPU
		{A74FEDE1-4271-409C-B2D3-283737F11662}.Release|x64.ActiveCfg = Release|Any CPU
		{A74FEDE1-4271-409C-B2D3-283737F11662}.Release|x64.Build.0 = Release|Any CPU
		{A74FEDE1-4271-409C-B2D3-283737F11662}.Release|x86.ActiveCfg = Release|Any CPU
		{A74FEDE1-4271-409C-B2D3-283737F11662}.Release|x86.Build.0 = Release|Any CPU
		{5D988584-DEBD-49D3-9AD4-95545529B313}.Debug|Any CPU.ActiveCfg = Debug|Any CPU
		{5D988584-DEBD-49D3-9AD4-95545529B313}.Debug|Any CPU.Build.0 = Debug|Any CPU
		{5D988584-DEBD-49D3-9AD4-95545529B313}.Debug|x64.ActiveCfg = Debug|Any CPU
		{5D988584-DEBD-49D3-9AD4-95545529B313}.Debug|x64.Build.0 = Debug|Any CPU
		{5D988584-DEBD-49D3-9AD4-95545529B313}.Debug|x86.ActiveCfg = Debug|Any CPU
		{5D988584-DEBD-49D3-9AD4-95545529B313}.Debug|x86.Build.0 = Debug|Any CPU
		{5D988584-DEBD-49D3-9AD4-95545529B313}.Release|Any CPU.ActiveCfg = Release|Any CPU
		{5D988584-DEBD-49D3-9AD4-95545529B313}.Release|Any CPU.Build.0 = Release|Any CPU
		{5D988584-DEBD-49D3-9AD4-95545529B313}.Release|x64.ActiveCfg = Release|Any CPU
		{5D988584-DEBD-49D3-9AD4-95545529B313}.Release|x64.Build.0 = Release|Any CPU
		{5D988584-DEBD-49D3-9AD4-95545529B313}.Release|x86.ActiveCfg = Release|Any CPU
		{5D988584-DEBD-49D3-9AD4-95545529B313}.Release|x86.Build.0 = Release|Any CPU
		{CE0B4F2B-3177-4F9E-901A-8CD16E548371}.Debug|Any CPU.ActiveCfg = Debug|Any CPU
		{CE0B4F2B-3177-4F9E-901A-8CD16E548371}.Debug|Any CPU.Build.0 = Debug|Any CPU
		{CE0B4F2B-3177-4F9E-901A-8CD16E548371}.Debug|x64.ActiveCfg = Debug|Any CPU
		{CE0B4F2B-3177-4F9E-901A-8CD16E548371}.Debug|x64.Build.0 = Debug|Any CPU
		{CE0B4F2B-3177-4F9E-901A-8CD16E548371}.Debug|x86.ActiveCfg = Debug|Any CPU
		{CE0B4F2B-3177-4F9E-901A-8CD16E548371}.Debug|x86.Build.0 = Debug|Any CPU
		{CE0B4F2B-3177-4F9E-901A-8CD16E548371}.Release|Any CPU.ActiveCfg = Release|Any CPU
		{CE0B4F2B-3177-4F9E-901A-8CD16E548371}.Release|Any CPU.Build.0 = Release|Any CPU
		{CE0B4F2B-3177-4F9E-901A-8CD16E548371}.Release|x64.ActiveCfg = Release|Any CPU
		{CE0B4F2B-3177-4F9E-901A-8CD16E548371}.Release|x64.Build.0 = Release|Any CPU
		{CE0B4F2B-3177-4F9E-901A-8CD16E548371}.Release|x86.ActiveCfg = Release|Any CPU
		{CE0B4F2B-3177-4F9E-901A-8CD16E548371}.Release|x86.Build.0 = Release|Any CPU
		{6CE73129-30C8-4EF2-B412-4F7506010416}.Debug|Any CPU.ActiveCfg = Debug|Any CPU
		{6CE73129-30C8-4EF2-B412-4F7506010416}.Debug|Any CPU.Build.0 = Debug|Any CPU
		{6CE73129-30C8-4EF2-B412-4F7506010416}.Debug|x64.ActiveCfg = Debug|Any CPU
		{6CE73129-30C8-4EF2-B412-4F7506010416}.Debug|x64.Build.0 = Debug|Any CPU
		{6CE73129-30C8-4EF2-B412-4F7506010416}.Debug|x86.ActiveCfg = Debug|Any CPU
		{6CE73129-30C8-4EF2-B412-4F7506010416}.Debug|x86.Build.0 = Debug|Any CPU
		{6CE73129-30C8-4EF2-B412-4F7506010416}.Release|Any CPU.ActiveCfg = Release|Any CPU
		{6CE73129-30C8-4EF2-B412-4F7506010416}.Release|Any CPU.Build.0 = Release|Any CPU
		{6CE73129-30C8-4EF2-B412-4F7506010416}.Release|x64.ActiveCfg = Release|Any CPU
		{6CE73129-30C8-4EF2-B412-4F7506010416}.Release|x64.Build.0 = Release|Any CPU
		{6CE73129-30C8-4EF2-B412-4F7506010416}.Release|x86.ActiveCfg = Release|Any CPU
		{6CE73129-30C8-4EF2-B412-4F7506010416}.Release|x86.Build.0 = Release|Any CPU
		{B8804A87-F6A5-492B-97EF-F7BF84D527EC}.Debug|Any CPU.ActiveCfg = Debug|Any CPU
		{B8804A87-F6A5-492B-97EF-F7BF84D527EC}.Debug|Any CPU.Build.0 = Debug|Any CPU
		{B8804A87-F6A5-492B-97EF-F7BF84D527EC}.Debug|x64.ActiveCfg = Debug|Any CPU
		{B8804A87-F6A5-492B-97EF-F7BF84D527EC}.Debug|x64.Build.0 = Debug|Any CPU
		{B8804A87-F6A5-492B-97EF-F7BF84D527EC}.Debug|x86.ActiveCfg = Debug|Any CPU
		{B8804A87-F6A5-492B-97EF-F7BF84D527EC}.Debug|x86.Build.0 = Debug|Any CPU
		{B8804A87-F6A5-492B-97EF-F7BF84D527EC}.Release|Any CPU.ActiveCfg = Release|Any CPU
		{B8804A87-F6A5-492B-97EF-F7BF84D527EC}.Release|Any CPU.Build.0 = Release|Any CPU
		{B8804A87-F6A5-492B-97EF-F7BF84D527EC}.Release|x64.ActiveCfg = Release|Any CPU
		{B8804A87-F6A5-492B-97EF-F7BF84D527EC}.Release|x64.Build.0 = Release|Any CPU
		{B8804A87-F6A5-492B-97EF-F7BF84D527EC}.Release|x86.ActiveCfg = Release|Any CPU
		{B8804A87-F6A5-492B-97EF-F7BF84D527EC}.Release|x86.Build.0 = Release|Any CPU
		{5F871434-72A9-41CC-B3CC-E213DEAE3927}.Debug|Any CPU.ActiveCfg = Debug|Any CPU
		{5F871434-72A9-41CC-B3CC-E213DEAE3927}.Debug|Any CPU.Build.0 = Debug|Any CPU
		{5F871434-72A9-41CC-B3CC-E213DEAE3927}.Debug|x64.ActiveCfg = Debug|Any CPU
		{5F871434-72A9-41CC-B3CC-E213DEAE3927}.Debug|x64.Build.0 = Debug|Any CPU
		{5F871434-72A9-41CC-B3CC-E213DEAE3927}.Debug|x86.ActiveCfg = Debug|Any CPU
		{5F871434-72A9-41CC-B3CC-E213DEAE3927}.Debug|x86.Build.0 = Debug|Any CPU
		{5F871434-72A9-41CC-B3CC-E213DEAE3927}.Release|Any CPU.ActiveCfg = Release|Any CPU
		{5F871434-72A9-41CC-B3CC-E213DEAE3927}.Release|Any CPU.Build.0 = Release|Any CPU
		{5F871434-72A9-41CC-B3CC-E213DEAE3927}.Release|x64.ActiveCfg = Release|Any CPU
		{5F871434-72A9-41CC-B3CC-E213DEAE3927}.Release|x64.Build.0 = Release|Any CPU
		{5F871434-72A9-41CC-B3CC-E213DEAE3927}.Release|x86.ActiveCfg = Release|Any CPU
		{5F871434-72A9-41CC-B3CC-E213DEAE3927}.Release|x86.Build.0 = Release|Any CPU
		{4836AEEE-3189-40A3-9EE3-C917FBD6C746}.Debug|Any CPU.ActiveCfg = Debug|Any CPU
		{4836AEEE-3189-40A3-9EE3-C917FBD6C746}.Debug|Any CPU.Build.0 = Debug|Any CPU
		{4836AEEE-3189-40A3-9EE3-C917FBD6C746}.Debug|x64.ActiveCfg = Debug|Any CPU
		{4836AEEE-3189-40A3-9EE3-C917FBD6C746}.Debug|x64.Build.0 = Debug|Any CPU
		{4836AEEE-3189-40A3-9EE3-C917FBD6C746}.Debug|x86.ActiveCfg = Debug|Any CPU
		{4836AEEE-3189-40A3-9EE3-C917FBD6C746}.Debug|x86.Build.0 = Debug|Any CPU
		{4836AEEE-3189-40A3-9EE3-C917FBD6C746}.Release|Any CPU.ActiveCfg = Release|Any CPU
		{4836AEEE-3189-40A3-9EE3-C917FBD6C746}.Release|Any CPU.Build.0 = Release|Any CPU
		{4836AEEE-3189-40A3-9EE3-C917FBD6C746}.Release|x64.ActiveCfg = Release|Any CPU
		{4836AEEE-3189-40A3-9EE3-C917FBD6C746}.Release|x64.Build.0 = Release|Any CPU
		{4836AEEE-3189-40A3-9EE3-C917FBD6C746}.Release|x86.ActiveCfg = Release|Any CPU
		{4836AEEE-3189-40A3-9EE3-C917FBD6C746}.Release|x86.Build.0 = Release|Any CPU
		{65FCF640-C83F-4414-851E-CD5A10BCFC17}.Debug|Any CPU.ActiveCfg = Debug|Any CPU
		{65FCF640-C83F-4414-851E-CD5A10BCFC17}.Debug|Any CPU.Build.0 = Debug|Any CPU
		{65FCF640-C83F-4414-851E-CD5A10BCFC17}.Debug|x64.ActiveCfg = Debug|Any CPU
		{65FCF640-C83F-4414-851E-CD5A10BCFC17}.Debug|x64.Build.0 = Debug|Any CPU
		{65FCF640-C83F-4414-851E-CD5A10BCFC17}.Debug|x86.ActiveCfg = Debug|Any CPU
		{65FCF640-C83F-4414-851E-CD5A10BCFC17}.Debug|x86.Build.0 = Debug|Any CPU
		{65FCF640-C83F-4414-851E-CD5A10BCFC17}.Release|Any CPU.ActiveCfg = Release|Any CPU
		{65FCF640-C83F-4414-851E-CD5A10BCFC17}.Release|Any CPU.Build.0 = Release|Any CPU
		{65FCF640-C83F-4414-851E-CD5A10BCFC17}.Release|x64.ActiveCfg = Release|Any CPU
		{65FCF640-C83F-4414-851E-CD5A10BCFC17}.Release|x64.Build.0 = Release|Any CPU
		{65FCF640-C83F-4414-851E-CD5A10BCFC17}.Release|x86.ActiveCfg = Release|Any CPU
		{65FCF640-C83F-4414-851E-CD5A10BCFC17}.Release|x86.Build.0 = Release|Any CPU
		{81216DFD-3A01-4351-BF03-4FDC59B72762}.Debug|Any CPU.ActiveCfg = Debug|Any CPU
		{81216DFD-3A01-4351-BF03-4FDC59B72762}.Debug|Any CPU.Build.0 = Debug|Any CPU
		{81216DFD-3A01-4351-BF03-4FDC59B72762}.Debug|x64.ActiveCfg = Debug|Any CPU
		{81216DFD-3A01-4351-BF03-4FDC59B72762}.Debug|x64.Build.0 = Debug|Any CPU
		{81216DFD-3A01-4351-BF03-4FDC59B72762}.Debug|x86.ActiveCfg = Debug|Any CPU
		{81216DFD-3A01-4351-BF03-4FDC59B72762}.Debug|x86.Build.0 = Debug|Any CPU
		{81216DFD-3A01-4351-BF03-4FDC59B72762}.Release|Any CPU.ActiveCfg = Release|Any CPU
		{81216DFD-3A01-4351-BF03-4FDC59B72762}.Release|Any CPU.Build.0 = Release|Any CPU
		{81216DFD-3A01-4351-BF03-4FDC59B72762}.Release|x64.ActiveCfg = Release|Any CPU
		{81216DFD-3A01-4351-BF03-4FDC59B72762}.Release|x64.Build.0 = Release|Any CPU
		{81216DFD-3A01-4351-BF03-4FDC59B72762}.Release|x86.ActiveCfg = Release|Any CPU
		{81216DFD-3A01-4351-BF03-4FDC59B72762}.Release|x86.Build.0 = Release|Any CPU
		{0AD53640-DDAC-4F27-B236-B732B72C0CA0}.Debug|Any CPU.ActiveCfg = Debug|Any CPU
		{0AD53640-DDAC-4F27-B236-B732B72C0CA0}.Debug|Any CPU.Build.0 = Debug|Any CPU
		{0AD53640-DDAC-4F27-B236-B732B72C0CA0}.Debug|x64.ActiveCfg = Debug|Any CPU
		{0AD53640-DDAC-4F27-B236-B732B72C0CA0}.Debug|x86.ActiveCfg = Debug|Any CPU
		{0AD53640-DDAC-4F27-B236-B732B72C0CA0}.Release|Any CPU.ActiveCfg = Release|Any CPU
		{0AD53640-DDAC-4F27-B236-B732B72C0CA0}.Release|Any CPU.Build.0 = Release|Any CPU
		{0AD53640-DDAC-4F27-B236-B732B72C0CA0}.Release|x64.ActiveCfg = Release|Any CPU
		{0AD53640-DDAC-4F27-B236-B732B72C0CA0}.Release|x86.ActiveCfg = Release|Any CPU
		{0E1D8B8D-A560-47CF-8CE7-DC7FEA6226D1}.Debug|Any CPU.ActiveCfg = Debug|Any CPU
		{0E1D8B8D-A560-47CF-8CE7-DC7FEA6226D1}.Debug|Any CPU.Build.0 = Debug|Any CPU
		{0E1D8B8D-A560-47CF-8CE7-DC7FEA6226D1}.Debug|x64.ActiveCfg = Debug|Any CPU
		{0E1D8B8D-A560-47CF-8CE7-DC7FEA6226D1}.Debug|x86.ActiveCfg = Debug|Any CPU
		{0E1D8B8D-A560-47CF-8CE7-DC7FEA6226D1}.Release|Any CPU.ActiveCfg = Release|Any CPU
		{0E1D8B8D-A560-47CF-8CE7-DC7FEA6226D1}.Release|Any CPU.Build.0 = Release|Any CPU
		{0E1D8B8D-A560-47CF-8CE7-DC7FEA6226D1}.Release|x64.ActiveCfg = Release|Any CPU
		{0E1D8B8D-A560-47CF-8CE7-DC7FEA6226D1}.Release|x86.ActiveCfg = Release|Any CPU
		{E617C9BC-502D-41E3-9F0C-20487EEBA148}.Debug|Any CPU.ActiveCfg = Debug|Any CPU
		{E617C9BC-502D-41E3-9F0C-20487EEBA148}.Debug|Any CPU.Build.0 = Debug|Any CPU
		{E617C9BC-502D-41E3-9F0C-20487EEBA148}.Debug|x64.ActiveCfg = Debug|Any CPU
		{E617C9BC-502D-41E3-9F0C-20487EEBA148}.Debug|x86.ActiveCfg = Debug|Any CPU
		{E617C9BC-502D-41E3-9F0C-20487EEBA148}.Release|Any CPU.ActiveCfg = Release|Any CPU
		{E617C9BC-502D-41E3-9F0C-20487EEBA148}.Release|Any CPU.Build.0 = Release|Any CPU
		{E617C9BC-502D-41E3-9F0C-20487EEBA148}.Release|x64.ActiveCfg = Release|Any CPU
		{E617C9BC-502D-41E3-9F0C-20487EEBA148}.Release|x86.ActiveCfg = Release|Any CPU
	EndGlobalSection
	GlobalSection(SolutionProperties) = preSolution
		HideSolutionNode = FALSE
	EndGlobalSection
	GlobalSection(NestedProjects) = preSolution
		{C316A868-C367-4263-A1C2-5A9E91BCF770} = {214245A9-D0ED-479C-B514-B482510C5F73}
		{DD4BF653-2388-464D-A8E8-3FCA4B52C455} = {6AD4BC4F-CA12-4EE0-A6D5-BBE4B9CC56EC}
		{A74FEDE1-4271-409C-B2D3-283737F11662} = {6AD4BC4F-CA12-4EE0-A6D5-BBE4B9CC56EC}
		{5D988584-DEBD-49D3-9AD4-95545529B313} = {6AD4BC4F-CA12-4EE0-A6D5-BBE4B9CC56EC}
		{CE0B4F2B-3177-4F9E-901A-8CD16E548371} = {6AD4BC4F-CA12-4EE0-A6D5-BBE4B9CC56EC}
		{6CE73129-30C8-4EF2-B412-4F7506010416} = {4F6B131C-CBEE-44D2-891A-FD88998A3331}
		{B8804A87-F6A5-492B-97EF-F7BF84D527EC} = {4F6B131C-CBEE-44D2-891A-FD88998A3331}
		{5F871434-72A9-41CC-B3CC-E213DEAE3927} = {4F6B131C-CBEE-44D2-891A-FD88998A3331}
		{4836AEEE-3189-40A3-9EE3-C917FBD6C746} = {4F6B131C-CBEE-44D2-891A-FD88998A3331}
		{65FCF640-C83F-4414-851E-CD5A10BCFC17} = {4F6B131C-CBEE-44D2-891A-FD88998A3331}
		{81216DFD-3A01-4351-BF03-4FDC59B72762} = {4F6B131C-CBEE-44D2-891A-FD88998A3331}
		{0AD53640-DDAC-4F27-B236-B732B72C0CA0} = {C316A868-C367-4263-A1C2-5A9E91BCF770}
		{0E1D8B8D-A560-47CF-8CE7-DC7FEA6226D1} = {214245A9-D0ED-479C-B514-B482510C5F73}
		{E617C9BC-502D-41E3-9F0C-20487EEBA148} = {214245A9-D0ED-479C-B514-B482510C5F73}
	EndGlobalSection
	GlobalSection(ExtensibilityGlobals) = postSolution
		SolutionGuid = {DC7A2DF6-1EE6-484F-B855-851BC7E9802E}
	EndGlobalSection
EndGlobal
