
Microsoft Visual Studio Solution File, Format Version 12.00
# Visual Studio 14
VisualStudioVersion = 14.0.23107.0
MinimumVisualStudioVersion = 10.0.40219.1
Project("{2150E333-8FDC-42A3-9474-1A3956D46DE8}") = "src", "src", "{6AD4BC4F-CA12-4EE0-A6D5-BBE4B9CC56EC}"
	ProjectSection(SolutionItems) = preProject
		src\readme.md = src\readme.md
	EndProjectSection
EndProject
Project("{2150E333-8FDC-42A3-9474-1A3956D46DE8}") = "Solution Items", "Solution Items", "{618A5846-961D-4DBE-8850-678F01CB61D1}"
	ProjectSection(SolutionItems) = preProject
		global.json = global.json
		NuGet.Config = NuGet.Config
	EndProjectSection
EndProject
Project("{8BB2217D-0F2D-49D1-97BC-3654ED321F3B}") = "Glimpse.Common", "src\Glimpse.Common\Glimpse.Common.xproj", "{C0FB7983-E851-4567-8540-153F9B7EC42D}"
EndProject
Project("{8BB2217D-0F2D-49D1-97BC-3654ED321F3B}") = "Glimpse.Agent.AspNet.Mvc", "src\Glimpse.Agent.AspNet.Mvc\Glimpse.Agent.AspNet.Mvc.xproj", "{F6F1FE30-78DC-4627-B9D7-EF9426E41892}"
EndProject
Project("{2150E333-8FDC-42A3-9474-1A3956D46DE8}") = "test", "test", "{214245A9-D0ED-479C-B514-B482510C5F73}"
EndProject
Project("{8BB2217D-0F2D-49D1-97BC-3654ED321F3B}") = "Glimpse.FunctionalTest", "test\Glimpse.FunctionalTest\Glimpse.FunctionalTest.xproj", "{D40318AD-88ED-4A8F-80CC-C8C00787FFC9}"
EndProject
Project("{2150E333-8FDC-42A3-9474-1A3956D46DE8}") = "websites", "websites", "{C316A868-C367-4263-A1C2-5A9E91BCF770}"
EndProject
Project("{8BB2217D-0F2D-49D1-97BC-3654ED321F3B}") = "Glimpse.FunctionalTest.Website", "test\websites\Glimpse.FunctionalTest.Website\Glimpse.FunctionalTest.Website.xproj", "{66AEF586-99BC-42E9-BBA7-B06BD5E0C686}"
EndProject
Project("{8BB2217D-0F2D-49D1-97BC-3654ED321F3B}") = "Glimpse.Server", "src\Glimpse.Server\Glimpse.Server.xproj", "{C6EFFA30-9D16-412C-8FD7-C87B909E030E}"
EndProject
Project("{8BB2217D-0F2D-49D1-97BC-3654ED321F3B}") = "Glimpse.Agent.AspNet", "src\Glimpse.Agent.AspNet\Glimpse.Agent.AspNet.xproj", "{06F2EF61-61D8-40C9-8BEE-EBF64352DE6F}"
EndProject
Project("{2150E333-8FDC-42A3-9474-1A3956D46DE8}") = "sample", "sample", "{4F6B131C-CBEE-44D2-891A-FD88998A3331}"
EndProject
Project("{8BB2217D-0F2D-49D1-97BC-3654ED321F3B}") = "Glimpse.Agent.AspNet.Sample", "sample\Glimpse.Agent.AspNet.Sample\Glimpse.Agent.AspNet.Sample.xproj", "{3178090F-78DC-49D6-BFC6-C8DF38F5D671}"
EndProject
Project("{8BB2217D-0F2D-49D1-97BC-3654ED321F3B}") = "Glimpse.AgentServer.AspNet.Sample", "sample\Glimpse.AgentServer.AspNet.Sample\Glimpse.AgentServer.AspNet.Sample.xproj", "{6AADF4A7-990A-463F-A137-D957EC3230D5}"
EndProject
Project("{8BB2217D-0F2D-49D1-97BC-3654ED321F3B}") = "Glimpse.AgentServer.AspNet.Mvc.Sample", "sample\Glimpse.AgentServer.Mvc.Sample\Glimpse.AgentServer.AspNet.Mvc.Sample.xproj", "{5DC8351B-193E-49AE-BF11-D6516AC8ECBC}"
EndProject
Project("{8BB2217D-0F2D-49D1-97BC-3654ED321F3B}") = "Glimpse.AgentServer.AspNet.Mvc.Simple.Sample", "sample\Glimpse.AgentServer.Mvc.Simple.Sample\Glimpse.AgentServer.AspNet.Mvc.Simple.Sample.xproj", "{500237D3-6999-4800-B4DF-07FF8ADA9054}"
EndProject
Project("{8BB2217D-0F2D-49D1-97BC-3654ED321F3B}") = "Glimpse.Server.AspNet.Sample", "sample\Glimpse.Server.AspNet.Sample\Glimpse.Server.AspNet.Sample.xproj", "{24B423F4-4E7F-4DBA-B998-3F5CB510CAFE}"
EndProject
Project("{8BB2217D-0F2D-49D1-97BC-3654ED321F3B}") = "Glimpse.Prototype.UnitTest", "test\Glimpse.Prototype.UnitTest\Glimpse.Prototype.UnitTest.xproj", "{C61DDFCD-D875-4C81-B3C2-D3F6943B4CE4}"
EndProject
Project("{2150E333-8FDC-42A3-9474-1A3956D46DE8}") = "support", "support", "{8453FD95-F0D0-4204-9D1D-BFD3DF328353}"
EndProject
Global
	GlobalSection(SolutionConfigurationPlatforms) = preSolution
		Debug|Any CPU = Debug|Any CPU
		Release|Any CPU = Release|Any CPU
	EndGlobalSection
	GlobalSection(ProjectConfigurationPlatforms) = postSolution
		{C0FB7983-E851-4567-8540-153F9B7EC42D}.Debug|Any CPU.ActiveCfg = Debug|Any CPU
		{C0FB7983-E851-4567-8540-153F9B7EC42D}.Debug|Any CPU.Build.0 = Debug|Any CPU
		{C0FB7983-E851-4567-8540-153F9B7EC42D}.Release|Any CPU.ActiveCfg = Release|Any CPU
		{C0FB7983-E851-4567-8540-153F9B7EC42D}.Release|Any CPU.Build.0 = Release|Any CPU
		{F6F1FE30-78DC-4627-B9D7-EF9426E41892}.Debug|Any CPU.ActiveCfg = Debug|Any CPU
		{F6F1FE30-78DC-4627-B9D7-EF9426E41892}.Debug|Any CPU.Build.0 = Debug|Any CPU
		{F6F1FE30-78DC-4627-B9D7-EF9426E41892}.Release|Any CPU.ActiveCfg = Release|Any CPU
		{F6F1FE30-78DC-4627-B9D7-EF9426E41892}.Release|Any CPU.Build.0 = Release|Any CPU
		{D40318AD-88ED-4A8F-80CC-C8C00787FFC9}.Debug|Any CPU.ActiveCfg = Debug|Any CPU
		{D40318AD-88ED-4A8F-80CC-C8C00787FFC9}.Debug|Any CPU.Build.0 = Debug|Any CPU
		{D40318AD-88ED-4A8F-80CC-C8C00787FFC9}.Release|Any CPU.ActiveCfg = Release|Any CPU
		{D40318AD-88ED-4A8F-80CC-C8C00787FFC9}.Release|Any CPU.Build.0 = Release|Any CPU
		{66AEF586-99BC-42E9-BBA7-B06BD5E0C686}.Debug|Any CPU.ActiveCfg = Debug|Any CPU
		{66AEF586-99BC-42E9-BBA7-B06BD5E0C686}.Debug|Any CPU.Build.0 = Debug|Any CPU
		{66AEF586-99BC-42E9-BBA7-B06BD5E0C686}.Release|Any CPU.ActiveCfg = Release|Any CPU
		{66AEF586-99BC-42E9-BBA7-B06BD5E0C686}.Release|Any CPU.Build.0 = Release|Any CPU
		{C6EFFA30-9D16-412C-8FD7-C87B909E030E}.Debug|Any CPU.ActiveCfg = Debug|Any CPU
		{C6EFFA30-9D16-412C-8FD7-C87B909E030E}.Debug|Any CPU.Build.0 = Debug|Any CPU
		{C6EFFA30-9D16-412C-8FD7-C87B909E030E}.Release|Any CPU.ActiveCfg = Release|Any CPU
		{C6EFFA30-9D16-412C-8FD7-C87B909E030E}.Release|Any CPU.Build.0 = Release|Any CPU
		{06F2EF61-61D8-40C9-8BEE-EBF64352DE6F}.Debug|Any CPU.ActiveCfg = Debug|Any CPU
		{06F2EF61-61D8-40C9-8BEE-EBF64352DE6F}.Debug|Any CPU.Build.0 = Debug|Any CPU
		{06F2EF61-61D8-40C9-8BEE-EBF64352DE6F}.Release|Any CPU.ActiveCfg = Release|Any CPU
		{06F2EF61-61D8-40C9-8BEE-EBF64352DE6F}.Release|Any CPU.Build.0 = Release|Any CPU
		{3178090F-78DC-49D6-BFC6-C8DF38F5D671}.Debug|Any CPU.ActiveCfg = Debug|Any CPU
		{3178090F-78DC-49D6-BFC6-C8DF38F5D671}.Debug|Any CPU.Build.0 = Debug|Any CPU
		{3178090F-78DC-49D6-BFC6-C8DF38F5D671}.Release|Any CPU.ActiveCfg = Release|Any CPU
		{3178090F-78DC-49D6-BFC6-C8DF38F5D671}.Release|Any CPU.Build.0 = Release|Any CPU
		{6AADF4A7-990A-463F-A137-D957EC3230D5}.Debug|Any CPU.ActiveCfg = Debug|Any CPU
		{6AADF4A7-990A-463F-A137-D957EC3230D5}.Debug|Any CPU.Build.0 = Debug|Any CPU
		{6AADF4A7-990A-463F-A137-D957EC3230D5}.Release|Any CPU.ActiveCfg = Release|Any CPU
		{6AADF4A7-990A-463F-A137-D957EC3230D5}.Release|Any CPU.Build.0 = Release|Any CPU
		{5DC8351B-193E-49AE-BF11-D6516AC8ECBC}.Debug|Any CPU.ActiveCfg = Debug|Any CPU
		{5DC8351B-193E-49AE-BF11-D6516AC8ECBC}.Debug|Any CPU.Build.0 = Debug|Any CPU
		{5DC8351B-193E-49AE-BF11-D6516AC8ECBC}.Release|Any CPU.ActiveCfg = Release|Any CPU
		{5DC8351B-193E-49AE-BF11-D6516AC8ECBC}.Release|Any CPU.Build.0 = Release|Any CPU
		{500237D3-6999-4800-B4DF-07FF8ADA9054}.Debug|Any CPU.ActiveCfg = Debug|Any CPU
		{500237D3-6999-4800-B4DF-07FF8ADA9054}.Debug|Any CPU.Build.0 = Debug|Any CPU
		{500237D3-6999-4800-B4DF-07FF8ADA9054}.Release|Any CPU.ActiveCfg = Release|Any CPU
		{500237D3-6999-4800-B4DF-07FF8ADA9054}.Release|Any CPU.Build.0 = Release|Any CPU
		{24B423F4-4E7F-4DBA-B998-3F5CB510CAFE}.Debug|Any CPU.ActiveCfg = Debug|Any CPU
		{24B423F4-4E7F-4DBA-B998-3F5CB510CAFE}.Debug|Any CPU.Build.0 = Debug|Any CPU
		{24B423F4-4E7F-4DBA-B998-3F5CB510CAFE}.Release|Any CPU.ActiveCfg = Release|Any CPU
		{24B423F4-4E7F-4DBA-B998-3F5CB510CAFE}.Release|Any CPU.Build.0 = Release|Any CPU
		{C61DDFCD-D875-4C81-B3C2-D3F6943B4CE4}.Debug|Any CPU.ActiveCfg = Debug|Any CPU
		{C61DDFCD-D875-4C81-B3C2-D3F6943B4CE4}.Debug|Any CPU.Build.0 = Debug|Any CPU
		{C61DDFCD-D875-4C81-B3C2-D3F6943B4CE4}.Release|Any CPU.ActiveCfg = Release|Any CPU
		{C61DDFCD-D875-4C81-B3C2-D3F6943B4CE4}.Release|Any CPU.Build.0 = Release|Any CPU
	EndGlobalSection
	GlobalSection(SolutionProperties) = preSolution
		HideSolutionNode = FALSE
	EndGlobalSection
	GlobalSection(NestedProjects) = preSolution
		{C0FB7983-E851-4567-8540-153F9B7EC42D} = {6AD4BC4F-CA12-4EE0-A6D5-BBE4B9CC56EC}
		{F6F1FE30-78DC-4627-B9D7-EF9426E41892} = {8453FD95-F0D0-4204-9D1D-BFD3DF328353}
		{D40318AD-88ED-4A8F-80CC-C8C00787FFC9} = {214245A9-D0ED-479C-B514-B482510C5F73}
		{C316A868-C367-4263-A1C2-5A9E91BCF770} = {214245A9-D0ED-479C-B514-B482510C5F73}
		{66AEF586-99BC-42E9-BBA7-B06BD5E0C686} = {C316A868-C367-4263-A1C2-5A9E91BCF770}
		{C6EFFA30-9D16-412C-8FD7-C87B909E030E} = {6AD4BC4F-CA12-4EE0-A6D5-BBE4B9CC56EC}
		{06F2EF61-61D8-40C9-8BEE-EBF64352DE6F} = {6AD4BC4F-CA12-4EE0-A6D5-BBE4B9CC56EC}
		{3178090F-78DC-49D6-BFC6-C8DF38F5D671} = {4F6B131C-CBEE-44D2-891A-FD88998A3331}
		{6AADF4A7-990A-463F-A137-D957EC3230D5} = {4F6B131C-CBEE-44D2-891A-FD88998A3331}
		{5DC8351B-193E-49AE-BF11-D6516AC8ECBC} = {4F6B131C-CBEE-44D2-891A-FD88998A3331}
		{500237D3-6999-4800-B4DF-07FF8ADA9054} = {4F6B131C-CBEE-44D2-891A-FD88998A3331}
		{24B423F4-4E7F-4DBA-B998-3F5CB510CAFE} = {4F6B131C-CBEE-44D2-891A-FD88998A3331}
		{C61DDFCD-D875-4C81-B3C2-D3F6943B4CE4} = {214245A9-D0ED-479C-B514-B482510C5F73}
		{8453FD95-F0D0-4204-9D1D-BFD3DF328353} = {6AD4BC4F-CA12-4EE0-A6D5-BBE4B9CC56EC}
	EndGlobalSection
EndGlobal
